
Microsoft Visual Studio Solution File, Format Version 12.00
# Visual Studio Version 17
VisualStudioVersion = 17.0.31903.59
MinimumVisualStudioVersion = 10.0.40219.1
Project("{FAE04EC0-301F-11D3-BF4B-00C04F79EFBC}") = "CommanderGQL", "CommanderGQL\CommanderGQL.csproj", "{1F7F4B6B-7415-48B9-BF5C-B7FED29D757A}"
EndProject
Global
	GlobalSection(SolutionConfigurationPlatforms) = preSolution
		Debug|Any CPU = Debug|Any CPU
		Release|Any CPU = Release|Any CPU
	EndGlobalSection
	GlobalSection(ProjectConfigurationPlatforms) = postSolution
		{1F7F4B6B-7415-48B9-BF5C-B7FED29D757A}.Debug|Any CPU.ActiveCfg = Debug|Any CPU
		{1F7F4B6B-7415-48B9-BF5C-B7FED29D757A}.Debug|Any CPU.Build.0 = Debug|Any CPU
		{1F7F4B6B-7415-48B9-BF5C-B7FED29D757A}.Release|Any CPU.ActiveCfg = Release|Any CPU
		{1F7F4B6B-7415-48B9-BF5C-B7FED29D757A}.Release|Any CPU.Build.0 = Release|Any CPU
	EndGlobalSection
	GlobalSection(SolutionProperties) = preSolution
		HideSolutionNode = FALSE
	EndGlobalSection
	GlobalSection(ExtensibilityGlobals) = postSolution
		SolutionGuid = {AF24D901-E49E-4EA9-B79D-385B521FD179}
	EndGlobalSection
EndGlobal
