
Microsoft Visual Studio Solution File, Format Version 12.00
# Visual Studio Version 17
VisualStudioVersion = 17.0.31903.59
MinimumVisualStudioVersion = 10.0.40219.1
Project("{9A19103F-16F7-4668-BE54-9A1E7A4F7556}") = "GQL", "GQL\GQL.csproj", "{38DD9582-4F51-49A9-BEE8-C4CF40FF8EBD}"
EndProject
Global
	GlobalSection(SolutionConfigurationPlatforms) = preSolution
		Debug|Any CPU = Debug|Any CPU
		Release|Any CPU = Release|Any CPU
	EndGlobalSection
	GlobalSection(ProjectConfigurationPlatforms) = postSolution
		{38DD9582-4F51-49A9-BEE8-C4CF40FF8EBD}.Debug|Any CPU.ActiveCfg = Debug|Any CPU
		{38DD9582-4F51-49A9-BEE8-C4CF40FF8EBD}.Debug|Any CPU.Build.0 = Debug|Any CPU
		{38DD9582-4F51-49A9-BEE8-C4CF40FF8EBD}.Release|Any CPU.ActiveCfg = Release|Any CPU
		{38DD9582-4F51-49A9-BEE8-C4CF40FF8EBD}.Release|Any CPU.Build.0 = Release|Any CPU
	EndGlobalSection
	GlobalSection(SolutionProperties) = preSolution
		HideSolutionNode = FALSE
	EndGlobalSection
	GlobalSection(ExtensibilityGlobals) = postSolution
		SolutionGuid = {AF24D901-E49E-4EA9-B79D-385B521FD179}
	EndGlobalSection
EndGlobal
